
Microsoft Visual Studio Solution File, Format Version 12.00
# Visual Studio 14
VisualStudioVersion = 14.0.25123.0
MinimumVisualStudioVersion = 10.0.40219.1
Project("{FAE04EC0-301F-11D3-BF4B-00C04F79EFBC}") = "FactorioModsCreater", "FactorioModsCreater.csproj", "{66D5E7FD-722D-4115-AE81-B519C0B72CE2}"
	ProjectSection(ProjectDependencies) = postProject
		{6D794D66-06FD-4AA7-B4AA-830B83C451AF} = {6D794D66-06FD-4AA7-B4AA-830B83C451AF}
	EndProjectSection
EndProject
Project("{FAE04EC0-301F-11D3-BF4B-00C04F79EFBC}") = "FactorioAnalysis", "..\FactorioAnalysis\FactorioAnalysis.csproj", "{6D794D66-06FD-4AA7-B4AA-830B83C451AF}"
EndProject
Project("{FAE04EC0-301F-11D3-BF4B-00C04F79EFBC}") = "FactorioAnalysisTests1", "..\FactorioAnalysisTests1\FactorioAnalysisTests1.csproj", "{D5219CBE-CA75-4D62-B025-6701E4C9DE56}"
EndProject
Global
	GlobalSection(SolutionConfigurationPlatforms) = preSolution
		Debug|Any CPU = Debug|Any CPU
		Release|Any CPU = Release|Any CPU
	EndGlobalSection
	GlobalSection(ProjectConfigurationPlatforms) = postSolution
		{66D5E7FD-722D-4115-AE81-B519C0B72CE2}.Debug|Any CPU.ActiveCfg = Debug|Any CPU
		{66D5E7FD-722D-4115-AE81-B519C0B72CE2}.Debug|Any CPU.Build.0 = Debug|Any CPU
		{66D5E7FD-722D-4115-AE81-B519C0B72CE2}.Release|Any CPU.ActiveCfg = Release|Any CPU
		{66D5E7FD-722D-4115-AE81-B519C0B72CE2}.Release|Any CPU.Build.0 = Release|Any CPU
		{6D794D66-06FD-4AA7-B4AA-830B83C451AF}.Debug|Any CPU.ActiveCfg = Debug|Any CPU
		{6D794D66-06FD-4AA7-B4AA-830B83C451AF}.Debug|Any CPU.Build.0 = Debug|Any CPU
		{6D794D66-06FD-4AA7-B4AA-830B83C451AF}.Release|Any CPU.ActiveCfg = Release|Any CPU
		{6D794D66-06FD-4AA7-B4AA-830B83C451AF}.Release|Any CPU.Build.0 = Release|Any CPU
		{D5219CBE-CA75-4D62-B025-6701E4C9DE56}.Debug|Any CPU.ActiveCfg = Debug|Any CPU
		{D5219CBE-CA75-4D62-B025-6701E4C9DE56}.Debug|Any CPU.Build.0 = Debug|Any CPU
		{D5219CBE-CA75-4D62-B025-6701E4C9DE56}.Release|Any CPU.ActiveCfg = Release|Any CPU
		{D5219CBE-CA75-4D62-B025-6701E4C9DE56}.Release|Any CPU.Build.0 = Release|Any CPU
	EndGlobalSection
	GlobalSection(SolutionProperties) = preSolution
		HideSolutionNode = FALSE
	EndGlobalSection
EndGlobal
